
Microsoft Visual Studio Solution File, Format Version 12.00
# Visual Studio Version 17
VisualStudioVersion = 17.9.34616.47
MinimumVisualStudioVersion = 10.0.40219.1
Project("{FAE04EC0-301F-11D3-BF4B-00C04F79EFBC}") = "KhumaloCraftEmporium", "KhumaloCraftEmporium\KhumaloCraftEmporium.csproj", "{C85604E7-F358-433D-8687-821B9E7E355E}"
EndProject
Global
	GlobalSection(SolutionConfigurationPlatforms) = preSolution
		Debug|Any CPU = Debug|Any CPU
		Release|Any CPU = Release|Any CPU
	EndGlobalSection
	GlobalSection(ProjectConfigurationPlatforms) = postSolution
		{C85604E7-F358-433D-8687-821B9E7E355E}.Debug|Any CPU.ActiveCfg = Debug|Any CPU
		{C85604E7-F358-433D-8687-821B9E7E355E}.Debug|Any CPU.Build.0 = Debug|Any CPU
		{C85604E7-F358-433D-8687-821B9E7E355E}.Release|Any CPU.ActiveCfg = Release|Any CPU
		{C85604E7-F358-433D-8687-821B9E7E355E}.Release|Any CPU.Build.0 = Release|Any CPU
	EndGlobalSection
	GlobalSection(SolutionProperties) = preSolution
		HideSolutionNode = FALSE
	EndGlobalSection
	GlobalSection(ExtensibilityGlobals) = postSolution
		SolutionGuid = {366CE33A-1070-49A4-9DDF-044CBFC48210}
	EndGlobalSection
EndGlobal
